
Microsoft Visual Studio Solution File, Format Version 12.00
# Visual Studio Version 17
VisualStudioVersion = 17.11.35327.3
MinimumVisualStudioVersion = 10.0.40219.1
Project("{FAE04EC0-301F-11D3-BF4B-00C04F79EFBC}") = "Kaizen.Core", "Kaizen.Core\Kaizen.Core.csproj", "{402732A8-FEFA-45D9-8011-345F3A6832ED}"
EndProject
Project("{FAE04EC0-301F-11D3-BF4B-00C04F79EFBC}") = "Kaizen.MainWeb", "Kaizen.MainWeb\Kaizen.MainWeb.csproj", "{30BACC10-F8A2-43A9-8337-D59665D6CA06}"
EndProject
Global
	GlobalSection(SolutionConfigurationPlatforms) = preSolution
		Debug|Any CPU = Debug|Any CPU
		Release|Any CPU = Release|Any CPU
	EndGlobalSection
	GlobalSection(ProjectConfigurationPlatforms) = postSolution
		{402732A8-FEFA-45D9-8011-345F3A6832ED}.Debug|Any CPU.ActiveCfg = Debug|Any CPU
		{402732A8-FEFA-45D9-8011-345F3A6832ED}.Debug|Any CPU.Build.0 = Debug|Any CPU
		{402732A8-FEFA-45D9-8011-345F3A6832ED}.Release|Any CPU.ActiveCfg = Release|Any CPU
		{402732A8-FEFA-45D9-8011-345F3A6832ED}.Release|Any CPU.Build.0 = Release|Any CPU
		{30BACC10-F8A2-43A9-8337-D59665D6CA06}.Debug|Any CPU.ActiveCfg = Debug|Any CPU
		{30BACC10-F8A2-43A9-8337-D59665D6CA06}.Debug|Any CPU.Build.0 = Debug|Any CPU
		{30BACC10-F8A2-43A9-8337-D59665D6CA06}.Release|Any CPU.ActiveCfg = Release|Any CPU
		{30BACC10-F8A2-43A9-8337-D59665D6CA06}.Release|Any CPU.Build.0 = Release|Any CPU
	EndGlobalSection
	GlobalSection(SolutionProperties) = preSolution
		HideSolutionNode = FALSE
	EndGlobalSection
	GlobalSection(ExtensibilityGlobals) = postSolution
		SolutionGuid = {95B3C3C3-EF01-486D-B6A3-D56A36FB8C5F}
	EndGlobalSection
EndGlobal
